// !$*UTF8*$!
{
	archiveVersion = 1;
	classes = {
	};
	objectVersion = 56;
	objects = {

/* Begin PBXBuildFile section */
		8B42DF9B2C930EDD00DC9ADA /* HomeView.swift in Sources */ = {isa = PBXBuildFile; fileRef = 8B42DF9A2C930EDD00DC9ADA /* HomeView.swift */; };
		8B42DF9D2C93119D00DC9ADA /* MyCardView.swift in Sources */ = {isa = PBXBuildFile; fileRef = 8B42DF9C2C93119D00DC9ADA /* MyCardView.swift */; };
		8B42DF9F2C93157900DC9ADA /* protocol.swift in Sources */ = {isa = PBXBuildFile; fileRef = 8B42DF9E2C93157900DC9ADA /* protocol.swift */; };
		8B42DFA12C9317A000DC9ADA /* CardView.swift in Sources */ = {isa = PBXBuildFile; fileRef = 8B42DFA02C9317A000DC9ADA /* CardView.swift */; };
		8B42DFA32C9317B100DC9ADA /* TestHomeView.swift in Sources */ = {isa = PBXBuildFile; fileRef = 8B42DFA22C9317B100DC9ADA /* TestHomeView.swift */; };
		8B42DFA52C931B0500DC9ADA /* MyPage.swift in Sources */ = {isa = PBXBuildFile; fileRef = 8B42DFA42C931B0500DC9ADA /* MyPage.swift */; };
		8B42DFA72C94098100DC9ADA /* FoodDetail.swift in Sources */ = {isa = PBXBuildFile; fileRef = 8B42DFA62C94098100DC9ADA /* FoodDetail.swift */; };
		8B42DFA92C940AD400DC9ADA /* FoodNutrientStore.swift in Sources */ = {isa = PBXBuildFile; fileRef = 8B42DFA82C940AD400DC9ADA /* FoodNutrientStore.swift */; };
		CEB765B12C9305A40027B40B /* MynutrientPTApp.swift in Sources */ = {isa = PBXBuildFile; fileRef = CEB765B02C9305A40027B40B /* MynutrientPTApp.swift */; };
		CEB765B32C9305A40027B40B /* ContentView.swift in Sources */ = {isa = PBXBuildFile; fileRef = CEB765B22C9305A40027B40B /* ContentView.swift */; };
		CEB765B52C9305A50027B40B /* Assets.xcassets in Resources */ = {isa = PBXBuildFile; fileRef = CEB765B42C9305A50027B40B /* Assets.xcassets */; };
		CEB765B82C9305A50027B40B /* Preview Assets.xcassets in Resources */ = {isa = PBXBuildFile; fileRef = CEB765B72C9305A50027B40B /* Preview Assets.xcassets */; };
/* End PBXBuildFile section */

/* Begin PBXFileReference section */
		8B42DF9A2C930EDD00DC9ADA /* HomeView.swift */ = {isa = PBXFileReference; lastKnownFileType = sourcecode.swift; path = HomeView.swift; sourceTree = "<group>"; };
		8B42DF9C2C93119D00DC9ADA /* MyCardView.swift */ = {isa = PBXFileReference; lastKnownFileType = sourcecode.swift; path = MyCardView.swift; sourceTree = "<group>"; };
		8B42DF9E2C93157900DC9ADA /* protocol.swift */ = {isa = PBXFileReference; lastKnownFileType = sourcecode.swift; path = protocol.swift; sourceTree = "<group>"; };
		8B42DFA02C9317A000DC9ADA /* CardView.swift */ = {isa = PBXFileReference; lastKnownFileType = sourcecode.swift; path = CardView.swift; sourceTree = "<group>"; };
		8B42DFA22C9317B100DC9ADA /* TestHomeView.swift */ = {isa = PBXFileReference; lastKnownFileType = sourcecode.swift; path = TestHomeView.swift; sourceTree = "<group>"; };
		8B42DFA42C931B0500DC9ADA /* MyPage.swift */ = {isa = PBXFileReference; lastKnownFileType = sourcecode.swift; path = MyPage.swift; sourceTree = "<group>"; };
		8B42DFA62C94098100DC9ADA /* FoodDetail.swift */ = {isa = PBXFileReference; lastKnownFileType = sourcecode.swift; path = FoodDetail.swift; sourceTree = "<group>"; };
		8B42DFA82C940AD400DC9ADA /* FoodNutrientStore.swift */ = {isa = PBXFileReference; lastKnownFileType = sourcecode.swift; path = FoodNutrientStore.swift; sourceTree = "<group>"; };
		CEB765AD2C9305A40027B40B /* MynutrientPT.app */ = {isa = PBXFileReference; explicitFileType = wrapper.application; includeInIndex = 0; path = MynutrientPT.app; sourceTree = BUILT_PRODUCTS_DIR; };
		CEB765B02C9305A40027B40B /* MynutrientPTApp.swift */ = {isa = PBXFileReference; lastKnownFileType = sourcecode.swift; path = MynutrientPTApp.swift; sourceTree = "<group>"; };
		CEB765B22C9305A40027B40B /* ContentView.swift */ = {isa = PBXFileReference; lastKnownFileType = sourcecode.swift; path = ContentView.swift; sourceTree = "<group>"; };
		CEB765B42C9305A50027B40B /* Assets.xcassets */ = {isa = PBXFileReference; lastKnownFileType = folder.assetcatalog; path = Assets.xcassets; sourceTree = "<group>"; };
		CEB765B72C9305A50027B40B /* Preview Assets.xcassets */ = {isa = PBXFileReference; lastKnownFileType = folder.assetcatalog; path = "Preview Assets.xcassets"; sourceTree = "<group>"; };
/* End PBXFileReference section */

/* Begin PBXFrameworksBuildPhase section */
		CEB765AA2C9305A40027B40B /* Frameworks */ = {
			isa = PBXFrameworksBuildPhase;
			buildActionMask = 2147483647;
			files = (
			);
			runOnlyForDeploymentPostprocessing = 0;
		};
/* End PBXFrameworksBuildPhase section */

/* Begin PBXGroup section */
		8B42DFAA2C9A7A4700DC9ADA /* Stores */ = {
			isa = PBXGroup;
			children = (
				8B42DFA82C940AD400DC9ADA /* FoodNutrientStore.swift */,
			);
			path = Stores;
			sourceTree = "<group>";
		};
		8B42DFAB2C9A7A5100DC9ADA /* Models */ = {
			isa = PBXGroup;
			children = (
				8B42DFA62C94098100DC9ADA /* FoodDetail.swift */,
			);
			path = Models;
			sourceTree = "<group>";
		};
		8B42DFAC2C9A7B0B00DC9ADA /* FlipCardProtocol */ = {
			isa = PBXGroup;
			children = (
				8B42DF9E2C93157900DC9ADA /* protocol.swift */,
			);
			path = FlipCardProtocol;
			sourceTree = "<group>";
		};
		8B42DFAD2C9A84E100DC9ADA /* Null */ = {
			isa = PBXGroup;
			children = (
				8B42DF9A2C930EDD00DC9ADA /* HomeView.swift */,
				8B42DFA22C9317B100DC9ADA /* TestHomeView.swift */,
				8B42DFA02C9317A000DC9ADA /* CardView.swift */,
			);
			path = Null;
			sourceTree = "<group>";
		};
		CEB765A42C9305A40027B40B = {
			isa = PBXGroup;
			children = (
				CEB765AF2C9305A40027B40B /* MynutrientPT */,
				CEB765AE2C9305A40027B40B /* Products */,
			);
			sourceTree = "<group>";
		};
		CEB765AE2C9305A40027B40B /* Products */ = {
			isa = PBXGroup;
			children = (
				CEB765AD2C9305A40027B40B /* MynutrientPT.app */,
			);
			name = Products;
			sourceTree = "<group>";
		};
		CEB765AF2C9305A40027B40B /* MynutrientPT */ = {
			isa = PBXGroup;
			children = (
				CEB765B02C9305A40027B40B /* MynutrientPTApp.swift */,
				CEB765B22C9305A40027B40B /* ContentView.swift */,
				8B42DF9C2C93119D00DC9ADA /* MyCardView.swift */,
				8B42DFA42C931B0500DC9ADA /* MyPage.swift */,
				8B42DFAC2C9A7B0B00DC9ADA /* FlipCardProtocol */,
				8B42DFAB2C9A7A5100DC9ADA /* Models */,
				8B42DFAA2C9A7A4700DC9ADA /* Stores */,
				CEB765B42C9305A50027B40B /* Assets.xcassets */,
				8B42DFAD2C9A84E100DC9ADA /* Null */,
				CEB765B62C9305A50027B40B /* Preview Content */,
			);
			path = MynutrientPT;
			sourceTree = "<group>";
		};
		CEB765B62C9305A50027B40B /* Preview Content */ = {
			isa = PBXGroup;
			children = (
				CEB765B72C9305A50027B40B /* Preview Assets.xcassets */,
			);
			path = "Preview Content";
			sourceTree = "<group>";
		};
/* End PBXGroup section */

/* Begin PBXNativeTarget section */
		CEB765AC2C9305A40027B40B /* MynutrientPT */ = {
			isa = PBXNativeTarget;
			buildConfigurationList = CEB765BB2C9305A50027B40B /* Build configuration list for PBXNativeTarget "MynutrientPT" */;
			buildPhases = (
				CEB765A92C9305A40027B40B /* Sources */,
				CEB765AA2C9305A40027B40B /* Frameworks */,
				CEB765AB2C9305A40027B40B /* Resources */,
			);
			buildRules = (
			);
			dependencies = (
			);
			name = MynutrientPT;
			productName = MynutrientPT;
			productReference = CEB765AD2C9305A40027B40B /* MynutrientPT.app */;
			productType = "com.apple.product-type.application";
		};
/* End PBXNativeTarget section */

/* Begin PBXProject section */
		CEB765A52C9305A40027B40B /* Project object */ = {
			isa = PBXProject;
			attributes = {
				BuildIndependentTargetsInParallel = 1;
				LastSwiftUpdateCheck = 1540;
				LastUpgradeCheck = 1540;
				TargetAttributes = {
					CEB765AC2C9305A40027B40B = {
						CreatedOnToolsVersion = 15.4;
					};
				};
			};
			buildConfigurationList = CEB765A82C9305A40027B40B /* Build configuration list for PBXProject "MynutrientPT" */;
			compatibilityVersion = "Xcode 14.0";
			developmentRegion = en;
			hasScannedForEncodings = 0;
			knownRegions = (
				en,
				Base,
			);
			mainGroup = CEB765A42C9305A40027B40B;
			productRefGroup = CEB765AE2C9305A40027B40B /* Products */;
			projectDirPath = "";
			projectRoot = "";
			targets = (
				CEB765AC2C9305A40027B40B /* MynutrientPT */,
			);
		};
/* End PBXProject section */

/* Begin PBXResourcesBuildPhase section */
		CEB765AB2C9305A40027B40B /* Resources */ = {
			isa = PBXResourcesBuildPhase;
			buildActionMask = 2147483647;
			files = (
				CEB765B82C9305A50027B40B /* Preview Assets.xcassets in Resources */,
				CEB765B52C9305A50027B40B /* Assets.xcassets in Resources */,
			);
			runOnlyForDeploymentPostprocessing = 0;
		};
/* End PBXResourcesBuildPhase section */

/* Begin PBXSourcesBuildPhase section */
		CEB765A92C9305A40027B40B /* Sources */ = {
			isa = PBXSourcesBuildPhase;
			buildActionMask = 2147483647;
			files = (
				8B42DF9B2C930EDD00DC9ADA /* HomeView.swift in Sources */,
				CEB765B32C9305A40027B40B /* ContentView.swift in Sources */,
				8B42DFA52C931B0500DC9ADA /* MyPage.swift in Sources */,
				8B42DF9D2C93119D00DC9ADA /* MyCardView.swift in Sources */,
				8B42DFA92C940AD400DC9ADA /* FoodNutrientStore.swift in Sources */,
				8B42DFA32C9317B100DC9ADA /* TestHomeView.swift in Sources */,
				8B42DFA12C9317A000DC9ADA /* CardView.swift in Sources */,
				CEB765B12C9305A40027B40B /* MynutrientPTApp.swift in Sources */,
				8B42DF9F2C93157900DC9ADA /* protocol.swift in Sources */,
				8B42DFA72C94098100DC9ADA /* FoodDetail.swift in Sources */,
			);
			runOnlyForDeploymentPostprocessing = 0;
		};
/* End PBXSourcesBuildPhase section */

/* Begin XCBuildConfiguration section */
		CEB765B92C9305A50027B40B /* Debug */ = {
			isa = XCBuildConfiguration;
			buildSettings = {
				ALWAYS_SEARCH_USER_PATHS = NO;
				ASSETCATALOG_COMPILER_GENERATE_SWIFT_ASSET_SYMBOL_EXTENSIONS = YES;
				CLANG_ANALYZER_NONNULL = YES;
				CLANG_ANALYZER_NUMBER_OBJECT_CONVERSION = YES_AGGRESSIVE;
				CLANG_CXX_LANGUAGE_STANDARD = "gnu++20";
				CLANG_ENABLE_MODULES = YES;
				CLANG_ENABLE_OBJC_ARC = YES;
				CLANG_ENABLE_OBJC_WEAK = YES;
				CLANG_WARN_BLOCK_CAPTURE_AUTORELEASING = YES;
				CLANG_WARN_BOOL_CONVERSION = YES;
				CLANG_WARN_COMMA = YES;
				CLANG_WARN_CONSTANT_CONVERSION = YES;
				CLANG_WARN_DEPRECATED_OBJC_IMPLEMENTATIONS = YES;
				CLANG_WARN_DIRECT_OBJC_ISA_USAGE = YES_ERROR;
				CLANG_WARN_DOCUMENTATION_COMMENTS = YES;
				CLANG_WARN_EMPTY_BODY = YES;
				CLANG_WARN_ENUM_CONVERSION = YES;
				CLANG_WARN_INFINITE_RECURSION = YES;
				CLANG_WARN_INT_CONVERSION = YES;
				CLANG_WARN_NON_LITERAL_NULL_CONVERSION = YES;
				CLANG_WARN_OBJC_IMPLICIT_RETAIN_SELF = YES;
				CLANG_WARN_OBJC_LITERAL_CONVERSION = YES;
				CLANG_WARN_OBJC_ROOT_CLASS = YES_ERROR;
				CLANG_WARN_QUOTED_INCLUDE_IN_FRAMEWORK_HEADER = YES;
				CLANG_WARN_RANGE_LOOP_ANALYSIS = YES;
				CLANG_WARN_STRICT_PROTOTYPES = YES;
				CLANG_WARN_SUSPICIOUS_MOVE = YES;
				CLANG_WARN_UNGUARDED_AVAILABILITY = YES_AGGRESSIVE;
				CLANG_WARN_UNREACHABLE_CODE = YES;
				CLANG_WARN__DUPLICATE_METHOD_MATCH = YES;
				COPY_PHASE_STRIP = NO;
				DEBUG_INFORMATION_FORMAT = dwarf;
				ENABLE_STRICT_OBJC_MSGSEND = YES;
				ENABLE_TESTABILITY = YES;
				ENABLE_USER_SCRIPT_SANDBOXING = YES;
				GCC_C_LANGUAGE_STANDARD = gnu17;
				GCC_DYNAMIC_NO_PIC = NO;
				GCC_NO_COMMON_BLOCKS = YES;
				GCC_OPTIMIZATION_LEVEL = 0;
				GCC_PREPROCESSOR_DEFINITIONS = (
					"DEBUG=1",
					"$(inherited)",
				);
				GCC_WARN_64_TO_32_BIT_CONVERSION = YES;
				GCC_WARN_ABOUT_RETURN_TYPE = YES_ERROR;
				GCC_WARN_UNDECLARED_SELECTOR = YES;
				GCC_WARN_UNINITIALIZED_AUTOS = YES_AGGRESSIVE;
				GCC_WARN_UNUSED_FUNCTION = YES;
				GCC_WARN_UNUSED_VARIABLE = YES;
				IPHONEOS_DEPLOYMENT_TARGET = 17.5;
				LOCALIZATION_PREFERS_STRING_CATALOGS = YES;
				MTL_ENABLE_DEBUG_INFO = INCLUDE_SOURCE;
				MTL_FAST_MATH = YES;
				ONLY_ACTIVE_ARCH = YES;
				SDKROOT = iphoneos;
				SWIFT_ACTIVE_COMPILATION_CONDITIONS = "DEBUG $(inherited)";
				SWIFT_OPTIMIZATION_LEVEL = "-Onone";
			};
			name = Debug;
		};
		CEB765BA2C9305A50027B40B /* Release */ = {
			isa = XCBuildConfiguration;
			buildSettings = {
				ALWAYS_SEARCH_USER_PATHS = NO;
				ASSETCATALOG_COMPILER_GENERATE_SWIFT_ASSET_SYMBOL_EXTENSIONS = YES;
				CLANG_ANALYZER_NONNULL = YES;
				CLANG_ANALYZER_NUMBER_OBJECT_CONVERSION = YES_AGGRESSIVE;
				CLANG_CXX_LANGUAGE_STANDARD = "gnu++20";
				CLANG_ENABLE_MODULES = YES;
				CLANG_ENABLE_OBJC_ARC = YES;
				CLANG_ENABLE_OBJC_WEAK = YES;
				CLANG_WARN_BLOCK_CAPTURE_AUTORELEASING = YES;
				CLANG_WARN_BOOL_CONVERSION = YES;
				CLANG_WARN_COMMA = YES;
				CLANG_WARN_CONSTANT_CONVERSION = YES;
				CLANG_WARN_DEPRECATED_OBJC_IMPLEMENTATIONS = YES;
				CLANG_WARN_DIRECT_OBJC_ISA_USAGE = YES_ERROR;
				CLANG_WARN_DOCUMENTATION_COMMENTS = YES;
				CLANG_WARN_EMPTY_BODY = YES;
				CLANG_WARN_ENUM_CONVERSION = YES;
				CLANG_WARN_INFINITE_RECURSION = YES;
				CLANG_WARN_INT_CONVERSION = YES;
				CLANG_WARN_NON_LITERAL_NULL_CONVERSION = YES;
				CLANG_WARN_OBJC_IMPLICIT_RETAIN_SELF = YES;
				CLANG_WARN_OBJC_LITERAL_CONVERSION = YES;
				CLANG_WARN_OBJC_ROOT_CLASS = YES_ERROR;
				CLANG_WARN_QUOTED_INCLUDE_IN_FRAMEWORK_HEADER = YES;
				CLANG_WARN_RANGE_LOOP_ANALYSIS = YES;
				CLANG_WARN_STRICT_PROTOTYPES = YES;
				CLANG_WARN_SUSPICIOUS_MOVE = YES;
				CLANG_WARN_UNGUARDED_AVAILABILITY = YES_AGGRESSIVE;
				CLANG_WARN_UNREACHABLE_CODE = YES;
				CLANG_WARN__DUPLICATE_METHOD_MATCH = YES;
				COPY_PHASE_STRIP = NO;
				DEBUG_INFORMATION_FORMAT = "dwarf-with-dsym";
				ENABLE_NS_ASSERTIONS = NO;
				ENABLE_STRICT_OBJC_MSGSEND = YES;
				ENABLE_USER_SCRIPT_SANDBOXING = YES;
				GCC_C_LANGUAGE_STANDARD = gnu17;
				GCC_NO_COMMON_BLOCKS = YES;
				GCC_WARN_64_TO_32_BIT_CONVERSION = YES;
				GCC_WARN_ABOUT_RETURN_TYPE = YES_ERROR;
				GCC_WARN_UNDECLARED_SELECTOR = YES;
				GCC_WARN_UNINITIALIZED_AUTOS = YES_AGGRESSIVE;
				GCC_WARN_UNUSED_FUNCTION = YES;
				GCC_WARN_UNUSED_VARIABLE = YES;
				IPHONEOS_DEPLOYMENT_TARGET = 17.5;
				LOCALIZATION_PREFERS_STRING_CATALOGS = YES;
				MTL_ENABLE_DEBUG_INFO = NO;
				MTL_FAST_MATH = YES;
				SDKROOT = iphoneos;
				SWIFT_COMPILATION_MODE = wholemodule;
				VALIDATE_PRODUCT = YES;
			};
			name = Release;
		};
		CEB765BC2C9305A50027B40B /* Debug */ = {
			isa = XCBuildConfiguration;
			buildSettings = {
				ASSETCATALOG_COMPILER_APPICON_NAME = AppIcon;
				ASSETCATALOG_COMPILER_GLOBAL_ACCENT_COLOR_NAME = AccentColor;
				CODE_SIGN_STYLE = Automatic;
				CURRENT_PROJECT_VERSION = 1;
				DEVELOPMENT_ASSET_PATHS = "\"MynutrientPT/Preview Content\"";
				ENABLE_PREVIEWS = YES;
				GENERATE_INFOPLIST_FILE = YES;
				INFOPLIST_KEY_UIApplicationSceneManifest_Generation = YES;
				INFOPLIST_KEY_UIApplicationSupportsIndirectInputEvents = YES;
				INFOPLIST_KEY_UILaunchScreen_Generation = YES;
				INFOPLIST_KEY_UISupportedInterfaceOrientations_iPad = "UIInterfaceOrientationPortrait UIInterfaceOrientationPortraitUpsideDown UIInterfaceOrientationLandscapeLeft UIInterfaceOrientationLandscapeRight";
				INFOPLIST_KEY_UISupportedInterfaceOrientations_iPhone = "UIInterfaceOrientationPortrait UIInterfaceOrientationLandscapeLeft UIInterfaceOrientationLandscapeRight";
				LD_RUNPATH_SEARCH_PATHS = (
					"$(inherited)",
					"@executable_path/Frameworks",
				);
				MARKETING_VERSION = 1.0;
				PRODUCT_BUNDLE_IDENTIFIER = "team-Lab2.MynutrientPT";
				PRODUCT_NAME = "$(TARGET_NAME)";
				SWIFT_EMIT_LOC_STRINGS = YES;
				SWIFT_VERSION = 5.0;
				TARGETED_DEVICE_FAMILY = "1,2";
			};
			name = Debug;
		};
		CEB765BD2C9305A50027B40B /* Release */ = {
			isa = XCBuildConfiguration;
			buildSettings = {
				ASSETCATALOG_COMPILER_APPICON_NAME = AppIcon;
				ASSETCATALOG_COMPILER_GLOBAL_ACCENT_COLOR_NAME = AccentColor;
				CODE_SIGN_STYLE = Automatic;
				CURRENT_PROJECT_VERSION = 1;
				DEVELOPMENT_ASSET_PATHS = "\"MynutrientPT/Preview Content\"";
				ENABLE_PREVIEWS = YES;
				GENERATE_INFOPLIST_FILE = YES;
				INFOPLIST_KEY_UIApplicationSceneManifest_Generation = YES;
				INFOPLIST_KEY_UIApplicationSupportsIndirectInputEvents = YES;
				INFOPLIST_KEY_UILaunchScreen_Generation = YES;
				INFOPLIST_KEY_UISupportedInterfaceOrientations_iPad = "UIInterfaceOrientationPortrait UIInterfaceOrientationPortraitUpsideDown UIInterfaceOrientationLandscapeLeft UIInterfaceOrientationLandscapeRight";
				INFOPLIST_KEY_UISupportedInterfaceOrientations_iPhone = "UIInterfaceOrientationPortrait UIInterfaceOrientationLandscapeLeft UIInterfaceOrientationLandscapeRight";
				LD_RUNPATH_SEARCH_PATHS = (
					"$(inherited)",
					"@executable_path/Frameworks",
				);
				MARKETING_VERSION = 1.0;
				PRODUCT_BUNDLE_IDENTIFIER = "team-Lab2.MynutrientPT";
				PRODUCT_NAME = "$(TARGET_NAME)";
				SWIFT_EMIT_LOC_STRINGS = YES;
				SWIFT_VERSION = 5.0;
				TARGETED_DEVICE_FAMILY = "1,2";
			};
			name = Release;
		};
/* End XCBuildConfiguration section */

/* Begin XCConfigurationList section */
		CEB765A82C9305A40027B40B /* Build configuration list for PBXProject "MynutrientPT" */ = {
			isa = XCConfigurationList;
			buildConfigurations = (
				CEB765B92C9305A50027B40B /* Debug */,
				CEB765BA2C9305A50027B40B /* Release */,
			);
			defaultConfigurationIsVisible = 0;
			defaultConfigurationName = Release;
		};
		CEB765BB2C9305A50027B40B /* Build configuration list for PBXNativeTarget "MynutrientPT" */ = {
			isa = XCConfigurationList;
			buildConfigurations = (
				CEB765BC2C9305A50027B40B /* Debug */,
				CEB765BD2C9305A50027B40B /* Release */,
			);
			defaultConfigurationIsVisible = 0;
			defaultConfigurationName = Release;
		};
/* End XCConfigurationList section */
	};
	rootObject = CEB765A52C9305A40027B40B /* Project object */;
}
